
Microsoft Visual Studio Solution File, Format Version 12.00
# Visual Studio Version 16
VisualStudioVersion = 16.0.30114.105
MinimumVisualStudioVersion = 10.0.40219.1
Project("{FAE04EC0-301F-11D3-BF4B-00C04F79EFBC}") = "RestWithASPNETUdemy", "RestWithASPNETUdemy\RestWithASPNETUdemy.csproj", "{9997D3F9-F210-4A29-8967-D6685DB4B129}"
EndProject
Global
	GlobalSection(SolutionConfigurationPlatforms) = preSolution
		Debug|Any CPU = Debug|Any CPU
		Release|Any CPU = Release|Any CPU
	EndGlobalSection
	GlobalSection(SolutionProperties) = preSolution
		HideSolutionNode = FALSE
	EndGlobalSection
	GlobalSection(ProjectConfigurationPlatforms) = postSolution
		{9997D3F9-F210-4A29-8967-D6685DB4B129}.Debug|Any CPU.ActiveCfg = Debug|Any CPU
		{9997D3F9-F210-4A29-8967-D6685DB4B129}.Debug|Any CPU.Build.0 = Debug|Any CPU
		{9997D3F9-F210-4A29-8967-D6685DB4B129}.Release|Any CPU.ActiveCfg = Release|Any CPU
		{9997D3F9-F210-4A29-8967-D6685DB4B129}.Release|Any CPU.Build.0 = Release|Any CPU
	EndGlobalSection
EndGlobal
